{
  "requires": true,
  "lockfileVersion": 1,
  "dependencies": {
    "cropperjs": {
      "version": "1.5.11",
      "resolved": "https://registry.npmjs.org/cropperjs/-/cropperjs-1.5.11.tgz",
      "integrity": "sha512-SJUeBBhtNBnnn+UrLKluhFRIXLJn7XFPv8QN1j49X5t+BIMwkgvDev541f96bmu8Xe0TgCx3gON22KmY/VddaA=="
    },
    "ngx-image-cropper": {
      "version": "3.3.5",
      "resolved": "https://registry.npmjs.org/ngx-image-cropper/-/ngx-image-cropper-3.3.5.tgz",
      "integrity": "sha512-0yRVKG5XAbVo3rOaj/iFDlekGsxEqXKU9iXFbjyvHvRT2DFs+AjwtyvINsHCWw+4ed9yA4Y+wLIUNqzA0bfxLw==",
      "requires": {
        "tslib": "^1.9.0"
      }
    },
    "tslib": {
      "version": "1.14.1",
      "resolved": "https://registry.npmjs.org/tslib/-/tslib-1.14.1.tgz",
      "integrity": "sha512-Xni35NKzjgMrwevysHTCArtLDpPvye8zV/0E4EyYn43P7/7qvQwPh9BGkHewbMulVntbigmcT7rdX3BNo9wRJg=="
    }
  }
}
